
Microsoft Visual Studio Solution File, Format Version 12.00
# Visual Studio 14
VisualStudioVersion = 14.0.25420.1
MinimumVisualStudioVersion = 10.0.40219.1
Project("{F184B08F-C81C-45F6-A57F-5ABD9991F28F}") = "Dich_vu_Du_lieu", "Dich_vu_Du_lieu\Dich_vu_Du_lieu.vbproj", "{3CA200F8-58A4-46B9-9481-9702F81F9620}"
EndProject
Project("{F184B08F-C81C-45F6-A57F-5ABD9991F28F}") = "He_khach_DeskTop_ADO", "He_khach_DeskTop_ADO\He_khach_DeskTop_ADO.vbproj", "{0C2BD86F-8E71-4283-BC21-D95F62895864}"
	ProjectSection(ProjectDependencies) = postProject
		{3CA200F8-58A4-46B9-9481-9702F81F9620} = {3CA200F8-58A4-46B9-9481-9702F81F9620}
	EndProjectSection
EndProject
Project("{F184B08F-C81C-45F6-A57F-5ABD9991F28F}") = "He_khach_DeskTop_XDO", "He_khach_DeskTop_XDO\He_khach_DeskTop_XDO.vbproj", "{BFAA31A3-D500-49FF-834D-92F6872B60B1}"
	ProjectSection(ProjectDependencies) = postProject
		{3CA200F8-58A4-46B9-9481-9702F81F9620} = {3CA200F8-58A4-46B9-9481-9702F81F9620}
	EndProjectSection
EndProject
Global
	GlobalSection(SolutionConfigurationPlatforms) = preSolution
		Debug|Any CPU = Debug|Any CPU
		Release|Any CPU = Release|Any CPU
	EndGlobalSection
	GlobalSection(ProjectConfigurationPlatforms) = postSolution
		{3CA200F8-58A4-46B9-9481-9702F81F9620}.Debug|Any CPU.ActiveCfg = Debug|Any CPU
		{3CA200F8-58A4-46B9-9481-9702F81F9620}.Debug|Any CPU.Build.0 = Debug|Any CPU
		{3CA200F8-58A4-46B9-9481-9702F81F9620}.Release|Any CPU.ActiveCfg = Release|Any CPU
		{3CA200F8-58A4-46B9-9481-9702F81F9620}.Release|Any CPU.Build.0 = Release|Any CPU
		{0C2BD86F-8E71-4283-BC21-D95F62895864}.Debug|Any CPU.ActiveCfg = Debug|Any CPU
		{0C2BD86F-8E71-4283-BC21-D95F62895864}.Debug|Any CPU.Build.0 = Debug|Any CPU
		{0C2BD86F-8E71-4283-BC21-D95F62895864}.Release|Any CPU.ActiveCfg = Release|Any CPU
		{0C2BD86F-8E71-4283-BC21-D95F62895864}.Release|Any CPU.Build.0 = Release|Any CPU
		{BFAA31A3-D500-49FF-834D-92F6872B60B1}.Debug|Any CPU.ActiveCfg = Debug|Any CPU
		{BFAA31A3-D500-49FF-834D-92F6872B60B1}.Debug|Any CPU.Build.0 = Debug|Any CPU
		{BFAA31A3-D500-49FF-834D-92F6872B60B1}.Release|Any CPU.ActiveCfg = Release|Any CPU
		{BFAA31A3-D500-49FF-834D-92F6872B60B1}.Release|Any CPU.Build.0 = Release|Any CPU
	EndGlobalSection
	GlobalSection(SolutionProperties) = preSolution
		HideSolutionNode = FALSE
	EndGlobalSection
EndGlobal
