
Microsoft Visual Studio Solution File, Format Version 12.00
# Visual Studio 15
VisualStudioVersion = 15.0.27703.2035
MinimumVisualStudioVersion = 10.0.40219.1
Project("{F184B08F-C81C-45F6-A57F-5ABD9991F28F}") = "Bai_Tap_01", "Bat_Tap_01\Bai_Tap_01.vbproj", "{21AA48CD-EB5A-45D4-A343-807D5C809078}"
EndProject
Global
	GlobalSection(SolutionConfigurationPlatforms) = preSolution
		Debug|Any CPU = Debug|Any CPU
		Release|Any CPU = Release|Any CPU
	EndGlobalSection
	GlobalSection(ProjectConfigurationPlatforms) = postSolution
		{21AA48CD-EB5A-45D4-A343-807D5C809078}.Debug|Any CPU.ActiveCfg = Debug|Any CPU
		{21AA48CD-EB5A-45D4-A343-807D5C809078}.Debug|Any CPU.Build.0 = Debug|Any CPU
		{21AA48CD-EB5A-45D4-A343-807D5C809078}.Release|Any CPU.ActiveCfg = Release|Any CPU
		{21AA48CD-EB5A-45D4-A343-807D5C809078}.Release|Any CPU.Build.0 = Release|Any CPU
	EndGlobalSection
	GlobalSection(SolutionProperties) = preSolution
		HideSolutionNode = FALSE
	EndGlobalSection
	GlobalSection(ExtensibilityGlobals) = postSolution
		SolutionGuid = {F6C8C348-2B13-4483-B8AD-FE07C8DF993F}
	EndGlobalSection
EndGlobal
